
Microsoft Visual Studio Solution File, Format Version 12.00
# Visual Studio Version 17
VisualStudioVersion = 17.8.34330.188
MinimumVisualStudioVersion = 10.0.40219.1
Project("{9A19103F-16F7-4668-BE54-9A1E7A4F7556}") = "PaintSharp", "PaintSharp\PaintSharp.csproj", "{AB5FCBB4-A713-4B83-824E-711F0F23FA11}"
EndProject
Project("{9A19103F-16F7-4668-BE54-9A1E7A4F7556}") = "IShape", "IShape\IShape.csproj", "{CDC07434-EC9C-4A6D-B832-62E5A0B39ECF}"
EndProject
Project("{9A19103F-16F7-4668-BE54-9A1E7A4F7556}") = "Line", "Line\Line.csproj", "{ABE74469-1789-4F2E-B06D-79993DB7F0EE}"
EndProject
Project("{9A19103F-16F7-4668-BE54-9A1E7A4F7556}") = "Ellipse", "Ellipse\Ellipse.csproj", "{3F13995F-8E75-4E44-96FB-E4DC11B88E29}"
EndProject
Project("{9A19103F-16F7-4668-BE54-9A1E7A4F7556}") = "Rectangle", "Rectangle\Rectangle.csproj", "{73322F5B-E9FC-44E6-A823-ADC32F8080C7}"
EndProject
Project("{FAE04EC0-301F-11D3-BF4B-00C04F79EFBC}") = "Circle", "Circle\Circle.csproj", "{7B740640-CF8D-4425-8884-5A36AA6AF05D}"
EndProject
Project("{FAE04EC0-301F-11D3-BF4B-00C04F79EFBC}") = "Square", "Square\Square.csproj", "{DBDBBF1E-5F60-4855-A034-6B96EBD0ADB0}"
EndProject
Global
	GlobalSection(SolutionConfigurationPlatforms) = preSolution
		Debug|Any CPU = Debug|Any CPU
		Release|Any CPU = Release|Any CPU
	EndGlobalSection
	GlobalSection(ProjectConfigurationPlatforms) = postSolution
		{AB5FCBB4-A713-4B83-824E-711F0F23FA11}.Debug|Any CPU.ActiveCfg = Debug|Any CPU
		{AB5FCBB4-A713-4B83-824E-711F0F23FA11}.Debug|Any CPU.Build.0 = Debug|Any CPU
		{AB5FCBB4-A713-4B83-824E-711F0F23FA11}.Release|Any CPU.ActiveCfg = Release|Any CPU
		{AB5FCBB4-A713-4B83-824E-711F0F23FA11}.Release|Any CPU.Build.0 = Release|Any CPU
		{CDC07434-EC9C-4A6D-B832-62E5A0B39ECF}.Debug|Any CPU.ActiveCfg = Debug|Any CPU
		{CDC07434-EC9C-4A6D-B832-62E5A0B39ECF}.Debug|Any CPU.Build.0 = Debug|Any CPU
		{CDC07434-EC9C-4A6D-B832-62E5A0B39ECF}.Release|Any CPU.ActiveCfg = Release|Any CPU
		{CDC07434-EC9C-4A6D-B832-62E5A0B39ECF}.Release|Any CPU.Build.0 = Release|Any CPU
		{ABE74469-1789-4F2E-B06D-79993DB7F0EE}.Debug|Any CPU.ActiveCfg = Debug|Any CPU
		{ABE74469-1789-4F2E-B06D-79993DB7F0EE}.Debug|Any CPU.Build.0 = Debug|Any CPU
		{ABE74469-1789-4F2E-B06D-79993DB7F0EE}.Release|Any CPU.ActiveCfg = Release|Any CPU
		{ABE74469-1789-4F2E-B06D-79993DB7F0EE}.Release|Any CPU.Build.0 = Release|Any CPU
		{3F13995F-8E75-4E44-96FB-E4DC11B88E29}.Debug|Any CPU.ActiveCfg = Debug|Any CPU
		{3F13995F-8E75-4E44-96FB-E4DC11B88E29}.Debug|Any CPU.Build.0 = Debug|Any CPU
		{3F13995F-8E75-4E44-96FB-E4DC11B88E29}.Release|Any CPU.ActiveCfg = Release|Any CPU
		{3F13995F-8E75-4E44-96FB-E4DC11B88E29}.Release|Any CPU.Build.0 = Release|Any CPU
		{73322F5B-E9FC-44E6-A823-ADC32F8080C7}.Debug|Any CPU.ActiveCfg = Debug|Any CPU
		{73322F5B-E9FC-44E6-A823-ADC32F8080C7}.Debug|Any CPU.Build.0 = Debug|Any CPU
		{73322F5B-E9FC-44E6-A823-ADC32F8080C7}.Release|Any CPU.ActiveCfg = Release|Any CPU
		{73322F5B-E9FC-44E6-A823-ADC32F8080C7}.Release|Any CPU.Build.0 = Release|Any CPU
		{7B740640-CF8D-4425-8884-5A36AA6AF05D}.Debug|Any CPU.ActiveCfg = Debug|Any CPU
		{7B740640-CF8D-4425-8884-5A36AA6AF05D}.Debug|Any CPU.Build.0 = Debug|Any CPU
		{7B740640-CF8D-4425-8884-5A36AA6AF05D}.Release|Any CPU.ActiveCfg = Release|Any CPU
		{7B740640-CF8D-4425-8884-5A36AA6AF05D}.Release|Any CPU.Build.0 = Release|Any CPU
		{DBDBBF1E-5F60-4855-A034-6B96EBD0ADB0}.Debug|Any CPU.ActiveCfg = Debug|Any CPU
		{DBDBBF1E-5F60-4855-A034-6B96EBD0ADB0}.Debug|Any CPU.Build.0 = Debug|Any CPU
		{DBDBBF1E-5F60-4855-A034-6B96EBD0ADB0}.Release|Any CPU.ActiveCfg = Release|Any CPU
		{DBDBBF1E-5F60-4855-A034-6B96EBD0ADB0}.Release|Any CPU.Build.0 = Release|Any CPU
	EndGlobalSection
	GlobalSection(SolutionProperties) = preSolution
		HideSolutionNode = FALSE
	EndGlobalSection
	GlobalSection(ExtensibilityGlobals) = postSolution
		SolutionGuid = {F585FD21-EB9E-4ECF-A7AE-852305F856CD}
	EndGlobalSection
EndGlobal
